// !$*UTF8*$!
{
	archiveVersion = 1;
	classes = {
	};
	objectVersion = 46;
	objects = {

/* Begin PBXBuildFile section */
		3E8BE1811A6B254E00267962 /* main.m in Sources */ = {isa = PBXBuildFile; fileRef = 3E8BE1801A6B254E00267962 /* main.m */; };
		3E8BE1841A6B254E00267962 /* AppDelegate.m in Sources */ = {isa = PBXBuildFile; fileRef = 3E8BE1831A6B254E00267962 /* AppDelegate.m */; };
		3E8BE1871A6B254E00267962 /* ViewController.m in Sources */ = {isa = PBXBuildFile; fileRef = 3E8BE1861A6B254E00267962 /* ViewController.m */; };
		3E8BE18A1A6B254E00267962 /* Main.storyboard in Resources */ = {isa = PBXBuildFile; fileRef = 3E8BE1881A6B254E00267962 /* Main.storyboard */; };
		3E8BE18C1A6B254E00267962 /* Images.xcassets in Resources */ = {isa = PBXBuildFile; fileRef = 3E8BE18B1A6B254E00267962 /* Images.xcassets */; };
		3E8BE18F1A6B254E00267962 /* LaunchScreen.xib in Resources */ = {isa = PBXBuildFile; fileRef = 3E8BE18D1A6B254E00267962 /* LaunchScreen.xib */; };
		3E8BE19B1A6B254E00267962 /* DriveHomeTests.m in Sources */ = {isa = PBXBuildFile; fileRef = 3E8BE19A1A6B254E00267962 /* DriveHomeTests.m */; };
		3E8BE1A51A6B267D00267962 /* GoogleMaps.framework in Frameworks */ = {isa = PBXBuildFile; fileRef = 3E8BE1A41A6B267D00267962 /* GoogleMaps.framework */; };
		3E8BE1A71A6B269A00267962 /* GoogleMaps.bundle in Resources */ = {isa = PBXBuildFile; fileRef = 3E8BE1A61A6B269A00267962 /* GoogleMaps.bundle */; };
		3E8BE1A91A6B26DD00267962 /* AVFoundation.framework in Frameworks */ = {isa = PBXBuildFile; fileRef = 3E8BE1A81A6B26DD00267962 /* AVFoundation.framework */; };
		3E8BE1AB1A6B26E600267962 /* CoreData.framework in Frameworks */ = {isa = PBXBuildFile; fileRef = 3E8BE1AA1A6B26E600267962 /* CoreData.framework */; };
		3E8BE1AD1A6B26EF00267962 /* CoreLocation.framework in Frameworks */ = {isa = PBXBuildFile; fileRef = 3E8BE1AC1A6B26EF00267962 /* CoreLocation.framework */; };
		3E8BE1AF1A6B26F900267962 /* CoreText.framework in Frameworks */ = {isa = PBXBuildFile; fileRef = 3E8BE1AE1A6B26F900267962 /* CoreText.framework */; };
		3E8BE1B11A6B270100267962 /* GLKit.framework in Frameworks */ = {isa = PBXBuildFile; fileRef = 3E8BE1B01A6B270100267962 /* GLKit.framework */; };
		3E8BE1B31A6B270A00267962 /* ImageIO.framework in Frameworks */ = {isa = PBXBuildFile; fileRef = 3E8BE1B21A6B270A00267962 /* ImageIO.framework */; };
		3E8BE1B51A6B271500267962 /* libc++.dylib in Frameworks */ = {isa = PBXBuildFile; fileRef = 3E8BE1B41A6B271500267962 /* libc++.dylib */; };
		3E8BE1B71A6B272500267962 /* libicucore.dylib in Frameworks */ = {isa = PBXBuildFile; fileRef = 3E8BE1B61A6B272500267962 /* libicucore.dylib */; };
		3E8BE1B91A6B272F00267962 /* libz.dylib in Frameworks */ = {isa = PBXBuildFile; fileRef = 3E8BE1B81A6B272F00267962 /* libz.dylib */; };
		3E8BE1BB1A6B273900267962 /* OpenGLES.framework in Frameworks */ = {isa = PBXBuildFile; fileRef = 3E8BE1BA1A6B273900267962 /* OpenGLES.framework */; };
		3E8BE1BD1A6B274300267962 /* QuartzCore.framework in Frameworks */ = {isa = PBXBuildFile; fileRef = 3E8BE1BC1A6B274300267962 /* QuartzCore.framework */; };
		3E8BE1BF1A6B274E00267962 /* SystemConfiguration.framework in Frameworks */ = {isa = PBXBuildFile; fileRef = 3E8BE1BE1A6B274E00267962 /* SystemConfiguration.framework */; };
/* End PBXBuildFile section */

/* Begin PBXContainerItemProxy section */
		3E8BE1951A6B254E00267962 /* PBXContainerItemProxy */ = {
			isa = PBXContainerItemProxy;
			containerPortal = 3E8BE1731A6B254E00267962 /* Project object */;
			proxyType = 1;
			remoteGlobalIDString = 3E8BE17A1A6B254E00267962;
			remoteInfo = DriveHome;
		};
/* End PBXContainerItemProxy section */

/* Begin PBXFileReference section */
		3E8BE17B1A6B254E00267962 /* DriveHome.app */ = {isa = PBXFileReference; explicitFileType = wrapper.application; includeInIndex = 0; path = DriveHome.app; sourceTree = BUILT_PRODUCTS_DIR; };
		3E8BE17F1A6B254E00267962 /* Info.plist */ = {isa = PBXFileReference; lastKnownFileType = text.plist.xml; path = Info.plist; sourceTree = "<group>"; };
		3E8BE1801A6B254E00267962 /* main.m */ = {isa = PBXFileReference; lastKnownFileType = sourcecode.c.objc; path = main.m; sourceTree = "<group>"; };
		3E8BE1821A6B254E00267962 /* AppDelegate.h */ = {isa = PBXFileReference; lastKnownFileType = sourcecode.c.h; path = AppDelegate.h; sourceTree = "<group>"; };
		3E8BE1831A6B254E00267962 /* AppDelegate.m */ = {isa = PBXFileReference; lastKnownFileType = sourcecode.c.objc; path = AppDelegate.m; sourceTree = "<group>"; };
		3E8BE1851A6B254E00267962 /* ViewController.h */ = {isa = PBXFileReference; lastKnownFileType = sourcecode.c.h; path = ViewController.h; sourceTree = "<group>"; };
		3E8BE1861A6B254E00267962 /* ViewController.m */ = {isa = PBXFileReference; lastKnownFileType = sourcecode.c.objc; path = ViewController.m; sourceTree = "<group>"; };
		3E8BE1891A6B254E00267962 /* Base */ = {isa = PBXFileReference; lastKnownFileType = file.storyboard; name = Base; path = Base.lproj/Main.storyboard; sourceTree = "<group>"; };
		3E8BE18B1A6B254E00267962 /* Images.xcassets */ = {isa = PBXFileReference; lastKnownFileType = folder.assetcatalog; path = Images.xcassets; sourceTree = "<group>"; };
		3E8BE18E1A6B254E00267962 /* Base */ = {isa = PBXFileReference; lastKnownFileType = file.xib; name = Base; path = Base.lproj/LaunchScreen.xib; sourceTree = "<group>"; };
		3E8BE1941A6B254E00267962 /* DriveHomeTests.xctest */ = {isa = PBXFileReference; explicitFileType = wrapper.cfbundle; includeInIndex = 0; path = DriveHomeTests.xctest; sourceTree = BUILT_PRODUCTS_DIR; };
		3E8BE1991A6B254E00267962 /* Info.plist */ = {isa = PBXFileReference; lastKnownFileType = text.plist.xml; path = Info.plist; sourceTree = "<group>"; };
		3E8BE19A1A6B254E00267962 /* DriveHomeTests.m */ = {isa = PBXFileReference; lastKnownFileType = sourcecode.c.objc; path = DriveHomeTests.m; sourceTree = "<group>"; };
		3E8BE1A41A6B267D00267962 /* GoogleMaps.framework */ = {isa = PBXFileReference; lastKnownFileType = wrapper.framework; path = GoogleMaps.framework; sourceTree = "<group>"; };
		3E8BE1A61A6B269A00267962 /* GoogleMaps.bundle */ = {isa = PBXFileReference; lastKnownFileType = "wrapper.plug-in"; name = GoogleMaps.bundle; path = GoogleMaps.framework/Versions/A/Resources/GoogleMaps.bundle; sourceTree = "<group>"; };
		3E8BE1A81A6B26DD00267962 /* AVFoundation.framework */ = {isa = PBXFileReference; lastKnownFileType = wrapper.framework; name = AVFoundation.framework; path = System/Library/Frameworks/AVFoundation.framework; sourceTree = SDKROOT; };
		3E8BE1AA1A6B26E600267962 /* CoreData.framework */ = {isa = PBXFileReference; lastKnownFileType = wrapper.framework; name = CoreData.framework; path = System/Library/Frameworks/CoreData.framework; sourceTree = SDKROOT; };
		3E8BE1AC1A6B26EF00267962 /* CoreLocation.framework */ = {isa = PBXFileReference; lastKnownFileType = wrapper.framework; name = CoreLocation.framework; path = System/Library/Frameworks/CoreLocation.framework; sourceTree = SDKROOT; };
		3E8BE1AE1A6B26F900267962 /* CoreText.framework */ = {isa = PBXFileReference; lastKnownFileType = wrapper.framework; name = CoreText.framework; path = System/Library/Frameworks/CoreText.framework; sourceTree = SDKROOT; };
		3E8BE1B01A6B270100267962 /* GLKit.framework */ = {isa = PBXFileReference; lastKnownFileType = wrapper.framework; name = GLKit.framework; path = System/Library/Frameworks/GLKit.framework; sourceTree = SDKROOT; };
		3E8BE1B21A6B270A00267962 /* ImageIO.framework */ = {isa = PBXFileReference; lastKnownFileType = wrapper.framework; name = ImageIO.framework; path = System/Library/Frameworks/ImageIO.framework; sourceTree = SDKROOT; };
		3E8BE1B41A6B271500267962 /* libc++.dylib */ = {isa = PBXFileReference; lastKnownFileType = "compiled.mach-o.dylib"; name = "libc++.dylib"; path = "usr/lib/libc++.dylib"; sourceTree = SDKROOT; };
		3E8BE1B61A6B272500267962 /* libicucore.dylib */ = {isa = PBXFileReference; lastKnownFileType = "compiled.mach-o.dylib"; name = libicucore.dylib; path = usr/lib/libicucore.dylib; sourceTree = SDKROOT; };
		3E8BE1B81A6B272F00267962 /* libz.dylib */ = {isa = PBXFileReference; lastKnownFileType = "compiled.mach-o.dylib"; name = libz.dylib; path = usr/lib/libz.dylib; sourceTree = SDKROOT; };
		3E8BE1BA1A6B273900267962 /* OpenGLES.framework */ = {isa = PBXFileReference; lastKnownFileType = wrapper.framework; name = OpenGLES.framework; path = System/Library/Frameworks/OpenGLES.framework; sourceTree = SDKROOT; };
		3E8BE1BC1A6B274300267962 /* QuartzCore.framework */ = {isa = PBXFileReference; lastKnownFileType = wrapper.framework; name = QuartzCore.framework; path = System/Library/Frameworks/QuartzCore.framework; sourceTree = SDKROOT; };
		3E8BE1BE1A6B274E00267962 /* SystemConfiguration.framework */ = {isa = PBXFileReference; lastKnownFileType = wrapper.framework; name = SystemConfiguration.framework; path = System/Library/Frameworks/SystemConfiguration.framework; sourceTree = SDKROOT; };
/* End PBXFileReference section */

/* Begin PBXFrameworksBuildPhase section */
		3E8BE1781A6B254E00267962 /* Frameworks */ = {
			isa = PBXFrameworksBuildPhase;
			buildActionMask = 2147483647;
			files = (
				3E8BE1BF1A6B274E00267962 /* SystemConfiguration.framework in Frameworks */,
				3E8BE1BD1A6B274300267962 /* QuartzCore.framework in Frameworks */,
				3E8BE1BB1A6B273900267962 /* OpenGLES.framework in Frameworks */,
				3E8BE1B91A6B272F00267962 /* libz.dylib in Frameworks */,
				3E8BE1B71A6B272500267962 /* libicucore.dylib in Frameworks */,
				3E8BE1B51A6B271500267962 /* libc++.dylib in Frameworks */,
				3E8BE1B31A6B270A00267962 /* ImageIO.framework in Frameworks */,
				3E8BE1B11A6B270100267962 /* GLKit.framework in Frameworks */,
				3E8BE1AF1A6B26F900267962 /* CoreText.framework in Frameworks */,
				3E8BE1AD1A6B26EF00267962 /* CoreLocation.framework in Frameworks */,
				3E8BE1AB1A6B26E600267962 /* CoreData.framework in Frameworks */,
				3E8BE1A91A6B26DD00267962 /* AVFoundation.framework in Frameworks */,
				3E8BE1A51A6B267D00267962 /* GoogleMaps.framework in Frameworks */,
			);
			runOnlyForDeploymentPostprocessing = 0;
		};
		3E8BE1911A6B254E00267962 /* Frameworks */ = {
			isa = PBXFrameworksBuildPhase;
			buildActionMask = 2147483647;
			files = (
			);
			runOnlyForDeploymentPostprocessing = 0;
		};
/* End PBXFrameworksBuildPhase section */

/* Begin PBXGroup section */
		3E8BE1721A6B254D00267962 = {
			isa = PBXGroup;
			children = (
				3E8BE1BE1A6B274E00267962 /* SystemConfiguration.framework */,
				3E8BE1BC1A6B274300267962 /* QuartzCore.framework */,
				3E8BE1BA1A6B273900267962 /* OpenGLES.framework */,
				3E8BE1B81A6B272F00267962 /* libz.dylib */,
				3E8BE1B61A6B272500267962 /* libicucore.dylib */,
				3E8BE1B41A6B271500267962 /* libc++.dylib */,
				3E8BE1B21A6B270A00267962 /* ImageIO.framework */,
				3E8BE1B01A6B270100267962 /* GLKit.framework */,
				3E8BE1AE1A6B26F900267962 /* CoreText.framework */,
				3E8BE1AC1A6B26EF00267962 /* CoreLocation.framework */,
				3E8BE1AA1A6B26E600267962 /* CoreData.framework */,
				3E8BE1A81A6B26DD00267962 /* AVFoundation.framework */,
				3E8BE17D1A6B254E00267962 /* DriveHome */,
				3E8BE1971A6B254E00267962 /* DriveHomeTests */,
				3E8BE17C1A6B254E00267962 /* Products */,
			);
			sourceTree = "<group>";
		};
		3E8BE17C1A6B254E00267962 /* Products */ = {
			isa = PBXGroup;
			children = (
				3E8BE17B1A6B254E00267962 /* DriveHome.app */,
				3E8BE1941A6B254E00267962 /* DriveHomeTests.xctest */,
			);
			name = Products;
			sourceTree = "<group>";
		};
		3E8BE17D1A6B254E00267962 /* DriveHome */ = {
			isa = PBXGroup;
			children = (
				3E8BE1821A6B254E00267962 /* AppDelegate.h */,
				3E8BE1831A6B254E00267962 /* AppDelegate.m */,
				3E8BE1851A6B254E00267962 /* ViewController.h */,
				3E8BE1861A6B254E00267962 /* ViewController.m */,
				3E8BE1881A6B254E00267962 /* Main.storyboard */,
				3E8BE18B1A6B254E00267962 /* Images.xcassets */,
				3E8BE18D1A6B254E00267962 /* LaunchScreen.xib */,
				3E8BE17E1A6B254E00267962 /* Supporting Files */,
			);
			path = DriveHome;
			sourceTree = "<group>";
		};
		3E8BE17E1A6B254E00267962 /* Supporting Files */ = {
			isa = PBXGroup;
			children = (
				3E8BE1A61A6B269A00267962 /* GoogleMaps.bundle */,
				3E8BE1A41A6B267D00267962 /* GoogleMaps.framework */,
				3E8BE17F1A6B254E00267962 /* Info.plist */,
				3E8BE1801A6B254E00267962 /* main.m */,
			);
			name = "Supporting Files";
			sourceTree = "<group>";
		};
		3E8BE1971A6B254E00267962 /* DriveHomeTests */ = {
			isa = PBXGroup;
			children = (
				3E8BE19A1A6B254E00267962 /* DriveHomeTests.m */,
				3E8BE1981A6B254E00267962 /* Supporting Files */,
			);
			path = DriveHomeTests;
			sourceTree = "<group>";
		};
		3E8BE1981A6B254E00267962 /* Supporting Files */ = {
			isa = PBXGroup;
			children = (
				3E8BE1991A6B254E00267962 /* Info.plist */,
			);
			name = "Supporting Files";
			sourceTree = "<group>";
		};
/* End PBXGroup section */

/* Begin PBXNativeTarget section */
		3E8BE17A1A6B254E00267962 /* DriveHome */ = {
			isa = PBXNativeTarget;
			buildConfigurationList = 3E8BE19E1A6B254E00267962 /* Build configuration list for PBXNativeTarget "DriveHome" */;
			buildPhases = (
				3E8BE1771A6B254E00267962 /* Sources */,
				3E8BE1781A6B254E00267962 /* Frameworks */,
				3E8BE1791A6B254E00267962 /* Resources */,
			);
			buildRules = (
			);
			dependencies = (
			);
			name = DriveHome;
			productName = DriveHome;
			productReference = 3E8BE17B1A6B254E00267962 /* DriveHome.app */;
			productType = "com.apple.product-type.application";
		};
		3E8BE1931A6B254E00267962 /* DriveHomeTests */ = {
			isa = PBXNativeTarget;
			buildConfigurationList = 3E8BE1A11A6B254E00267962 /* Build configuration list for PBXNativeTarget "DriveHomeTests" */;
			buildPhases = (
				3E8BE1901A6B254E00267962 /* Sources */,
				3E8BE1911A6B254E00267962 /* Frameworks */,
				3E8BE1921A6B254E00267962 /* Resources */,
			);
			buildRules = (
			);
			dependencies = (
				3E8BE1961A6B254E00267962 /* PBXTargetDependency */,
			);
			name = DriveHomeTests;
			productName = DriveHomeTests;
			productReference = 3E8BE1941A6B254E00267962 /* DriveHomeTests.xctest */;
			productType = "com.apple.product-type.bundle.unit-test";
		};
/* End PBXNativeTarget section */

/* Begin PBXProject section */
		3E8BE1731A6B254E00267962 /* Project object */ = {
			isa = PBXProject;
			attributes = {
				LastUpgradeCheck = 0610;
				ORGANIZATIONNAME = "Dylan Porter";
				TargetAttributes = {
					3E8BE17A1A6B254E00267962 = {
						CreatedOnToolsVersion = 6.1.1;
					};
					3E8BE1931A6B254E00267962 = {
						CreatedOnToolsVersion = 6.1.1;
						TestTargetID = 3E8BE17A1A6B254E00267962;
					};
				};
			};
			buildConfigurationList = 3E8BE1761A6B254E00267962 /* Build configuration list for PBXProject "DriveHome" */;
			compatibilityVersion = "Xcode 3.2";
			developmentRegion = English;
			hasScannedForEncodings = 0;
			knownRegions = (
				en,
				Base,
			);
			mainGroup = 3E8BE1721A6B254D00267962;
			productRefGroup = 3E8BE17C1A6B254E00267962 /* Products */;
			projectDirPath = "";
			projectRoot = "";
			targets = (
				3E8BE17A1A6B254E00267962 /* DriveHome */,
				3E8BE1931A6B254E00267962 /* DriveHomeTests */,
			);
		};
/* End PBXProject section */

/* Begin PBXResourcesBuildPhase section */
		3E8BE1791A6B254E00267962 /* Resources */ = {
			isa = PBXResourcesBuildPhase;
			buildActionMask = 2147483647;
			files = (
				3E8BE18A1A6B254E00267962 /* Main.storyboard in Resources */,
				3E8BE18F1A6B254E00267962 /* LaunchScreen.xib in Resources */,
				3E8BE18C1A6B254E00267962 /* Images.xcassets in Resources */,
				3E8BE1A71A6B269A00267962 /* GoogleMaps.bundle in Resources */,
			);
			runOnlyForDeploymentPostprocessing = 0;
		};
		3E8BE1921A6B254E00267962 /* Resources */ = {
			isa = PBXResourcesBuildPhase;
			buildActionMask = 2147483647;
			files = (
			);
			runOnlyForDeploymentPostprocessing = 0;
		};
/* End PBXResourcesBuildPhase section */

/* Begin PBXSourcesBuildPhase section */
		3E8BE1771A6B254E00267962 /* Sources */ = {
			isa = PBXSourcesBuildPhase;
			buildActionMask = 2147483647;
			files = (
				3E8BE1871A6B254E00267962 /* ViewController.m in Sources */,
				3E8BE1841A6B254E00267962 /* AppDelegate.m in Sources */,
				3E8BE1811A6B254E00267962 /* main.m in Sources */,
			);
			runOnlyForDeploymentPostprocessing = 0;
		};
		3E8BE1901A6B254E00267962 /* Sources */ = {
			isa = PBXSourcesBuildPhase;
			buildActionMask = 2147483647;
			files = (
				3E8BE19B1A6B254E00267962 /* DriveHomeTests.m in Sources */,
			);
			runOnlyForDeploymentPostprocessing = 0;
		};
/* End PBXSourcesBuildPhase section */

/* Begin PBXTargetDependency section */
		3E8BE1961A6B254E00267962 /* PBXTargetDependency */ = {
			isa = PBXTargetDependency;
			target = 3E8BE17A1A6B254E00267962 /* DriveHome */;
			targetProxy = 3E8BE1951A6B254E00267962 /* PBXContainerItemProxy */;
		};
/* End PBXTargetDependency section */

/* Begin PBXVariantGroup section */
		3E8BE1881A6B254E00267962 /* Main.storyboard */ = {
			isa = PBXVariantGroup;
			children = (
				3E8BE1891A6B254E00267962 /* Base */,
			);
			name = Main.storyboard;
			sourceTree = "<group>";
		};
		3E8BE18D1A6B254E00267962 /* LaunchScreen.xib */ = {
			isa = PBXVariantGroup;
			children = (
				3E8BE18E1A6B254E00267962 /* Base */,
			);
			name = LaunchScreen.xib;
			sourceTree = "<group>";
		};
/* End PBXVariantGroup section */

/* Begin XCBuildConfiguration section */
		3E8BE19C1A6B254E00267962 /* Debug */ = {
			isa = XCBuildConfiguration;
			buildSettings = {
				ALWAYS_SEARCH_USER_PATHS = NO;
				CLANG_CXX_LANGUAGE_STANDARD = "gnu++0x";
				CLANG_CXX_LIBRARY = "libc++";
				CLANG_ENABLE_MODULES = YES;
				CLANG_ENABLE_OBJC_ARC = YES;
				CLANG_WARN_BOOL_CONVERSION = YES;
				CLANG_WARN_CONSTANT_CONVERSION = YES;
				CLANG_WARN_DIRECT_OBJC_ISA_USAGE = YES_ERROR;
				CLANG_WARN_EMPTY_BODY = YES;
				CLANG_WARN_ENUM_CONVERSION = YES;
				CLANG_WARN_INT_CONVERSION = YES;
				CLANG_WARN_OBJC_ROOT_CLASS = YES_ERROR;
				CLANG_WARN_UNREACHABLE_CODE = YES;
				CLANG_WARN__DUPLICATE_METHOD_MATCH = YES;
				"CODE_SIGN_IDENTITY[sdk=iphoneos*]" = "iPhone Developer";
				COPY_PHASE_STRIP = NO;
				ENABLE_STRICT_OBJC_MSGSEND = YES;
				GCC_C_LANGUAGE_STANDARD = gnu99;
				GCC_DYNAMIC_NO_PIC = NO;
				GCC_OPTIMIZATION_LEVEL = 0;
				GCC_PREPROCESSOR_DEFINITIONS = (
					"DEBUG=1",
					"$(inherited)",
				);
				GCC_SYMBOLS_PRIVATE_EXTERN = NO;
				GCC_WARN_64_TO_32_BIT_CONVERSION = YES;
				GCC_WARN_ABOUT_RETURN_TYPE = YES_ERROR;
				GCC_WARN_UNDECLARED_SELECTOR = YES;
				GCC_WARN_UNINITIALIZED_AUTOS = YES_AGGRESSIVE;
				GCC_WARN_UNUSED_FUNCTION = YES;
				GCC_WARN_UNUSED_VARIABLE = YES;
				IPHONEOS_DEPLOYMENT_TARGET = 8.1;
				MTL_ENABLE_DEBUG_INFO = YES;
				ONLY_ACTIVE_ARCH = YES;
				"OTHER_LDFLAGS[arch=*]" = "-ObjC";
				SDKROOT = iphoneos;
				TARGETED_DEVICE_FAMILY = "1,2";
			};
			name = Debug;
		};
		3E8BE19D1A6B254E00267962 /* Release */ = {
			isa = XCBuildConfiguration;
			buildSettings = {
				ALWAYS_SEARCH_USER_PATHS = NO;
				CLANG_CXX_LANGUAGE_STANDARD = "gnu++0x";
				CLANG_CXX_LIBRARY = "libc++";
				CLANG_ENABLE_MODULES = YES;
				CLANG_ENABLE_OBJC_ARC = YES;
				CLANG_WARN_BOOL_CONVERSION = YES;
				CLANG_WARN_CONSTANT_CONVERSION = YES;
				CLANG_WARN_DIRECT_OBJC_ISA_USAGE = YES_ERROR;
				CLANG_WARN_EMPTY_BODY = YES;
				CLANG_WARN_ENUM_CONVERSION = YES;
				CLANG_WARN_INT_CONVERSION = YES;
				CLANG_WARN_OBJC_ROOT_CLASS = YES_ERROR;
				CLANG_WARN_UNREACHABLE_CODE = YES;
				CLANG_WARN__DUPLICATE_METHOD_MATCH = YES;
				"CODE_SIGN_IDENTITY[sdk=iphoneos*]" = "iPhone Developer";
				COPY_PHASE_STRIP = YES;
				ENABLE_NS_ASSERTIONS = NO;
				ENABLE_STRICT_OBJC_MSGSEND = YES;
				GCC_C_LANGUAGE_STANDARD = gnu99;
				GCC_WARN_64_TO_32_BIT_CONVERSION = YES;
				GCC_WARN_ABOUT_RETURN_TYPE = YES_ERROR;
				GCC_WARN_UNDECLARED_SELECTOR = YES;
				GCC_WARN_UNINITIALIZED_AUTOS = YES_AGGRESSIVE;
				GCC_WARN_UNUSED_FUNCTION = YES;
				GCC_WARN_UNUSED_VARIABLE = YES;
				IPHONEOS_DEPLOYMENT_TARGET = 8.1;
				MTL_ENABLE_DEBUG_INFO = NO;
				"OTHER_LDFLAGS[arch=*]" = "-ObjC";
				SDKROOT = iphoneos;
				TARGETED_DEVICE_FAMILY = "1,2";
				VALIDATE_PRODUCT = YES;
			};
			name = Release;
		};
		3E8BE19F1A6B254E00267962 /* Debug */ = {
			isa = XCBuildConfiguration;
			buildSettings = {
				ASSETCATALOG_COMPILER_APPICON_NAME = AppIcon;
				FRAMEWORK_SEARCH_PATHS = (
					"$(inherited)",
					"$(PROJECT_DIR)/DriveHome",
				);
				INFOPLIST_FILE = DriveHome/Info.plist;
				LD_RUNPATH_SEARCH_PATHS = "$(inherited) @executable_path/Frameworks";
				PRODUCT_NAME = "$(TARGET_NAME)";
			};
			name = Debug;
		};
		3E8BE1A01A6B254E00267962 /* Release */ = {
			isa = XCBuildConfiguration;
			buildSettings = {
				ASSETCATALOG_COMPILER_APPICON_NAME = AppIcon;
				FRAMEWORK_SEARCH_PATHS = (
					"$(inherited)",
					"$(PROJECT_DIR)/DriveHome",
				);
				INFOPLIST_FILE = DriveHome/Info.plist;
				LD_RUNPATH_SEARCH_PATHS = "$(inherited) @executable_path/Frameworks";
				PRODUCT_NAME = "$(TARGET_NAME)";
			};
			name = Release;
		};
		3E8BE1A21A6B254E00267962 /* Debug */ = {
			isa = XCBuildConfiguration;
			buildSettings = {
				BUNDLE_LOADER = "$(TEST_HOST)";
				FRAMEWORK_SEARCH_PATHS = (
					"$(SDKROOT)/Developer/Library/Frameworks",
					"$(inherited)",
				);
				GCC_PREPROCESSOR_DEFINITIONS = (
					"DEBUG=1",
					"$(inherited)",
				);
				INFOPLIST_FILE = DriveHomeTests/Info.plist;
				LD_RUNPATH_SEARCH_PATHS = "$(inherited) @executable_path/Frameworks @loader_path/Frameworks";
				PRODUCT_NAME = "$(TARGET_NAME)";
				TEST_HOST = "$(BUILT_PRODUCTS_DIR)/DriveHome.app/DriveHome";
			};
			name = Debug;
		};
		3E8BE1A31A6B254E00267962 /* Release */ = {
			isa = XCBuildConfiguration;
			buildSettings = {
				BUNDLE_LOADER = "$(TEST_HOST)";
				FRAMEWORK_SEARCH_PATHS = (
					"$(SDKROOT)/Developer/Library/Frameworks",
					"$(inherited)",
				);
				INFOPLIST_FILE = DriveHomeTests/Info.plist;
				LD_RUNPATH_SEARCH_PATHS = "$(inherited) @executable_path/Frameworks @loader_path/Frameworks";
				PRODUCT_NAME = "$(TARGET_NAME)";
				TEST_HOST = "$(BUILT_PRODUCTS_DIR)/DriveHome.app/DriveHome";
			};
			name = Release;
		};
/* End XCBuildConfiguration section */

/* Begin XCConfigurationList section */
		3E8BE1761A6B254E00267962 /* Build configuration list for PBXProject "DriveHome" */ = {
			isa = XCConfigurationList;
			buildConfigurations = (
				3E8BE19C1A6B254E00267962 /* Debug */,
				3E8BE19D1A6B254E00267962 /* Release */,
			);
			defaultConfigurationIsVisible = 0;
			defaultConfigurationName = Release;
		};
		3E8BE19E1A6B254E00267962 /* Build configuration list for PBXNativeTarget "DriveHome" */ = {
			isa = XCConfigurationList;
			buildConfigurations = (
				3E8BE19F1A6B254E00267962 /* Debug */,
				3E8BE1A01A6B254E00267962 /* Release */,
			);
			defaultConfigurationIsVisible = 0;
		};
		3E8BE1A11A6B254E00267962 /* Build configuration list for PBXNativeTarget "DriveHomeTests" */ = {
			isa = XCConfigurationList;
			buildConfigurations = (
				3E8BE1A21A6B254E00267962 /* Debug */,
				3E8BE1A31A6B254E00267962 /* Release */,
			);
			defaultConfigurationIsVisible = 0;
		};
/* End XCConfigurationList section */
	};
	rootObject = 3E8BE1731A6B254E00267962 /* Project object */;
}
